
Microsoft Visual Studio Solution File, Format Version 12.00
# Visual Studio 15
VisualStudioVersion = 15.0.28307.168
MinimumVisualStudioVersion = 10.0.40219.1
Project("{FAE04EC0-301F-11D3-BF4B-00C04F79EFBC}") = "RedisSharpCore", "RedisSharp\RedisSharpCore.csproj", "{59E963B4-B47D-4AF6-ABB0-3299D95ECD04}"
EndProject
Global
	GlobalSection(SolutionConfigurationPlatforms) = preSolution
		Debug|Any CPU = Debug|Any CPU
		Release|Any CPU = Release|Any CPU
	EndGlobalSection
	GlobalSection(ProjectConfigurationPlatforms) = postSolution
		{59E963B4-B47D-4AF6-ABB0-3299D95ECD04}.Debug|Any CPU.ActiveCfg = Debug|Any CPU
		{59E963B4-B47D-4AF6-ABB0-3299D95ECD04}.Debug|Any CPU.Build.0 = Debug|Any CPU
		{59E963B4-B47D-4AF6-ABB0-3299D95ECD04}.Release|Any CPU.ActiveCfg = Release|Any CPU
		{59E963B4-B47D-4AF6-ABB0-3299D95ECD04}.Release|Any CPU.Build.0 = Release|Any CPU
	EndGlobalSection
	GlobalSection(SolutionProperties) = preSolution
		HideSolutionNode = FALSE
	EndGlobalSection
	GlobalSection(ExtensibilityGlobals) = postSolution
		SolutionGuid = {72A5FFA3-35D6-4F32-B6BA-988F308E5D63}
	EndGlobalSection
EndGlobal
